
Microsoft Visual Studio Solution File, Format Version 12.00
# Visual Studio 15
VisualStudioVersion = 15.0.27703.2000
MinimumVisualStudioVersion = 10.0.40219.1
Project("{FAE04EC0-301F-11D3-BF4B-00C04F79EFBC}") = "WpfApp1", "WpfApp1\WpfApp1.csproj", "{C8459B60-0183-4D86-BE7D-5C4E59D4A5CF}"
EndProject
Project("{FAE04EC0-301F-11D3-BF4B-00C04F79EFBC}") = "UnitTestProject1", "UnitTestProject1\UnitTestProject1.csproj", "{DD422719-87DE-4B6A-8604-6FDBB16C3837}"
EndProject
Global
	GlobalSection(SolutionConfigurationPlatforms) = preSolution
		Debug|Any CPU = Debug|Any CPU
		Release|Any CPU = Release|Any CPU
	EndGlobalSection
	GlobalSection(ProjectConfigurationPlatforms) = postSolution
		{C8459B60-0183-4D86-BE7D-5C4E59D4A5CF}.Debug|Any CPU.ActiveCfg = Debug|Any CPU
		{C8459B60-0183-4D86-BE7D-5C4E59D4A5CF}.Debug|Any CPU.Build.0 = Debug|Any CPU
		{C8459B60-0183-4D86-BE7D-5C4E59D4A5CF}.Release|Any CPU.ActiveCfg = Release|Any CPU
		{C8459B60-0183-4D86-BE7D-5C4E59D4A5CF}.Release|Any CPU.Build.0 = Release|Any CPU
		{DD422719-87DE-4B6A-8604-6FDBB16C3837}.Debug|Any CPU.ActiveCfg = Debug|Any CPU
		{DD422719-87DE-4B6A-8604-6FDBB16C3837}.Debug|Any CPU.Build.0 = Debug|Any CPU
		{DD422719-87DE-4B6A-8604-6FDBB16C3837}.Release|Any CPU.ActiveCfg = Release|Any CPU
		{DD422719-87DE-4B6A-8604-6FDBB16C3837}.Release|Any CPU.Build.0 = Release|Any CPU
	EndGlobalSection
	GlobalSection(SolutionProperties) = preSolution
		HideSolutionNode = FALSE
	EndGlobalSection
	GlobalSection(ExtensibilityGlobals) = postSolution
		SolutionGuid = {872A73CE-805F-4B3C-A170-47D10544061E}
	EndGlobalSection
EndGlobal
